
Microsoft Visual Studio Solution File, Format Version 12.00
# Visual Studio Version 16
VisualStudioVersion = 16.0.31729.503
MinimumVisualStudioVersion = 10.0.40219.1
Project("{FAE04EC0-301F-11D3-BF4B-00C04F79EFBC}") = "Pilas", "Pilas\Pilas.csproj", "{40AF0CC9-0547-4D9C-B79B-24E7ACDB0CDE}"
EndProject
Global
	GlobalSection(SolutionConfigurationPlatforms) = preSolution
		Debug|Any CPU = Debug|Any CPU
		Release|Any CPU = Release|Any CPU
	EndGlobalSection
	GlobalSection(ProjectConfigurationPlatforms) = postSolution
		{40AF0CC9-0547-4D9C-B79B-24E7ACDB0CDE}.Debug|Any CPU.ActiveCfg = Debug|Any CPU
		{40AF0CC9-0547-4D9C-B79B-24E7ACDB0CDE}.Debug|Any CPU.Build.0 = Debug|Any CPU
		{40AF0CC9-0547-4D9C-B79B-24E7ACDB0CDE}.Release|Any CPU.ActiveCfg = Release|Any CPU
		{40AF0CC9-0547-4D9C-B79B-24E7ACDB0CDE}.Release|Any CPU.Build.0 = Release|Any CPU
	EndGlobalSection
	GlobalSection(SolutionProperties) = preSolution
		HideSolutionNode = FALSE
	EndGlobalSection
	GlobalSection(ExtensibilityGlobals) = postSolution
		SolutionGuid = {8FDF949F-94C1-464A-9A8F-2A884E56F894}
	EndGlobalSection
EndGlobal
